{
  "nodes": {
    "flake-utils": {
      "locked": {
        "lastModified": 1667395993,
        "narHash": "sha256-nuEHfE/LcWyuSWnS8t12N1wc105Qtau+/OdUAjtQ0rA=",
        "owner": "numtide",
        "repo": "flake-utils",
        "rev": "5aed5285a952e0b949eb3ba02c12fa4fcfef535f",
        "type": "github"
      },
      "original": {
        "owner": "numtide",
        "repo": "flake-utils",
        "type": "github"
      }
    },
    "nixpkgs": {
      "locked": {
        "lastModified": 1671381543,
        "narHash": "sha256-K61nvf+PEVd/IZjsvq9TYxZfo1LkyTPD9ReaYIDeFaM=",
        "owner": "NixOS",
        "repo": "nixpkgs",
        "rev": "c2d23d1de3b0984a4f0528717e4136ecc91fb79e",
        "type": "github"
      },
      "original": {
        "owner": "NixOS",
        "repo": "nixpkgs",
        "type": "github"
      }
    },
    "poetry2nix": {
      "inputs": {
        "flake-utils": [
          "flake-utils"
        ],
        "nixpkgs": [
          "nixpkgs"
        ]
      },
      "locked": {
        "lastModified": 1671378039,
        "narHash": "sha256-ezwTRw2H0gWBpO1V3g9W5W663DBVW3HShLuUUYDZvtQ=",
        "owner": "cpcloud",
        "repo": "poetry2nix",
        "rev": "ab2005333fcbe34099721c5105abd62edd294c11",
        "type": "github"
      },
      "original": {
        "owner": "cpcloud",
        "ref": "rollup",
        "repo": "poetry2nix",
        "type": "github"
      }
    },
    "root": {
      "inputs": {
        "flake-utils": "flake-utils",
        "nixpkgs": "nixpkgs",
        "poetry2nix": "poetry2nix"
      }
    }
  },
  "root": "root",
  "version": 7
}
